// !$*UTF8*$!
{
	archiveVersion = 1;
	classes = {
	};
	objectVersion = 77;
	objects = {

/* Begin PBXContainerItemProxy section */
		B06868B32DB357490064F5A1 /* PBXContainerItemProxy */ = {
			isa = PBXContainerItemProxy;
			containerPortal = B06868942DB357460064F5A1 /* Project object */;
			proxyType = 1;
			remoteGlobalIDString = B068689B2DB357460064F5A1;
			remoteInfo = "Strava Interview Prep2";
		};
		B06868BD2DB357490064F5A1 /* PBXContainerItemProxy */ = {
			isa = PBXContainerItemProxy;
			containerPortal = B06868942DB357460064F5A1 /* Project object */;
			proxyType = 1;
			remoteGlobalIDString = B068689B2DB357460064F5A1;
			remoteInfo = "Strava Interview Prep2";
		};
/* End PBXContainerItemProxy section */

/* Begin PBXFileReference section */
		B068689C2DB357460064F5A1 /* Strava Interview Prep2.app */ = {isa = PBXFileReference; explicitFileType = wrapper.application; includeInIndex = 0; path = "Strava Interview Prep2.app"; sourceTree = BUILT_PRODUCTS_DIR; };
		B06868B22DB357490064F5A1 /* Strava Interview Prep2Tests.xctest */ = {isa = PBXFileReference; explicitFileType = wrapper.cfbundle; includeInIndex = 0; path = "Strava Interview Prep2Tests.xctest"; sourceTree = BUILT_PRODUCTS_DIR; };
		B06868BC2DB357490064F5A1 /* Strava Interview Prep2UITests.xctest */ = {isa = PBXFileReference; explicitFileType = wrapper.cfbundle; includeInIndex = 0; path = "Strava Interview Prep2UITests.xctest"; sourceTree = BUILT_PRODUCTS_DIR; };
/* End PBXFileReference section */

/* Begin PBXFileSystemSynchronizedBuildFileExceptionSet section */
		B06868C42DB357490064F5A1 /* Exceptions for "Strava Interview Prep2" folder in "Strava Interview Prep2" target */ = {
			isa = PBXFileSystemSynchronizedBuildFileExceptionSet;
			membershipExceptions = (
				Info.plist,
			);
			target = B068689B2DB357460064F5A1 /* Strava Interview Prep2 */;
		};
/* End PBXFileSystemSynchronizedBuildFileExceptionSet section */

/* Begin PBXFileSystemSynchronizedRootGroup section */
		B068689E2DB357460064F5A1 /* Strava Interview Prep2 */ = {
			isa = PBXFileSystemSynchronizedRootGroup;
			exceptions = (
				B06868C42DB357490064F5A1 /* Exceptions for "Strava Interview Prep2" folder in "Strava Interview Prep2" target */,
			);
			path = "Strava Interview Prep2";
			sourceTree = "<group>";
		};
		B06868B52DB357490064F5A1 /* Strava Interview Prep2Tests */ = {
			isa = PBXFileSystemSynchronizedRootGroup;
			path = "Strava Interview Prep2Tests";
			sourceTree = "<group>";
		};
		B06868BF2DB357490064F5A1 /* Strava Interview Prep2UITests */ = {
			isa = PBXFileSystemSynchronizedRootGroup;
			path = "Strava Interview Prep2UITests";
			sourceTree = "<group>";
		};
/* End PBXFileSystemSynchronizedRootGroup section */

/* Begin PBXFrameworksBuildPhase section */
		B06868992DB357460064F5A1 /* Frameworks */ = {
			isa = PBXFrameworksBuildPhase;
			buildActionMask = 2147483647;
			files = (
			);
			runOnlyForDeploymentPostprocessing = 0;
		};
		B06868AF2DB357490064F5A1 /* Frameworks */ = {
			isa = PBXFrameworksBuildPhase;
			buildActionMask = 2147483647;
			files = (
			);
			runOnlyForDeploymentPostprocessing = 0;
		};
		B06868B92DB357490064F5A1 /* Frameworks */ = {
			isa = PBXFrameworksBuildPhase;
			buildActionMask = 2147483647;
			files = (
			);
			runOnlyForDeploymentPostprocessing = 0;
		};
/* End PBXFrameworksBuildPhase section */

/* Begin PBXGroup section */
		B06868932DB357460064F5A1 = {
			isa = PBXGroup;
			children = (
				B068689E2DB357460064F5A1 /* Strava Interview Prep2 */,
				B06868B52DB357490064F5A1 /* Strava Interview Prep2Tests */,
				B06868BF2DB357490064F5A1 /* Strava Interview Prep2UITests */,
				B068689D2DB357460064F5A1 /* Products */,
			);
			sourceTree = "<group>";
		};
		B068689D2DB357460064F5A1 /* Products */ = {
			isa = PBXGroup;
			children = (
				B068689C2DB357460064F5A1 /* Strava Interview Prep2.app */,
				B06868B22DB357490064F5A1 /* Strava Interview Prep2Tests.xctest */,
				B06868BC2DB357490064F5A1 /* Strava Interview Prep2UITests.xctest */,
			);
			name = Products;
			sourceTree = "<group>";
		};
/* End PBXGroup section */

/* Begin PBXNativeTarget section */
		B068689B2DB357460064F5A1 /* Strava Interview Prep2 */ = {
			isa = PBXNativeTarget;
			buildConfigurationList = B06868C52DB357490064F5A1 /* Build configuration list for PBXNativeTarget "Strava Interview Prep2" */;
			buildPhases = (
				B06868982DB357460064F5A1 /* Sources */,
				B06868992DB357460064F5A1 /* Frameworks */,
				B068689A2DB357460064F5A1 /* Resources */,
			);
			buildRules = (
			);
			dependencies = (
			);
			fileSystemSynchronizedGroups = (
				B068689E2DB357460064F5A1 /* Strava Interview Prep2 */,
			);
			name = "Strava Interview Prep2";
			packageProductDependencies = (
			);
			productName = "Strava Interview Prep2";
			productReference = B068689C2DB357460064F5A1 /* Strava Interview Prep2.app */;
			productType = "com.apple.product-type.application";
		};
		B06868B12DB357490064F5A1 /* Strava Interview Prep2Tests */ = {
			isa = PBXNativeTarget;
			buildConfigurationList = B06868CA2DB357490064F5A1 /* Build configuration list for PBXNativeTarget "Strava Interview Prep2Tests" */;
			buildPhases = (
				B06868AE2DB357490064F5A1 /* Sources */,
				B06868AF2DB357490064F5A1 /* Frameworks */,
				B06868B02DB357490064F5A1 /* Resources */,
			);
			buildRules = (
			);
			dependencies = (
				B06868B42DB357490064F5A1 /* PBXTargetDependency */,
			);
			fileSystemSynchronizedGroups = (
				B06868B52DB357490064F5A1 /* Strava Interview Prep2Tests */,
			);
			name = "Strava Interview Prep2Tests";
			packageProductDependencies = (
			);
			productName = "Strava Interview Prep2Tests";
			productReference = B06868B22DB357490064F5A1 /* Strava Interview Prep2Tests.xctest */;
			productType = "com.apple.product-type.bundle.unit-test";
		};
		B06868BB2DB357490064F5A1 /* Strava Interview Prep2UITests */ = {
			isa = PBXNativeTarget;
			buildConfigurationList = B06868CD2DB357490064F5A1 /* Build configuration list for PBXNativeTarget "Strava Interview Prep2UITests" */;
			buildPhases = (
				B06868B82DB357490064F5A1 /* Sources */,
				B06868B92DB357490064F5A1 /* Frameworks */,
				B06868BA2DB357490064F5A1 /* Resources */,
			);
			buildRules = (
			);
			dependencies = (
				B06868BE2DB357490064F5A1 /* PBXTargetDependency */,
			);
			fileSystemSynchronizedGroups = (
				B06868BF2DB357490064F5A1 /* Strava Interview Prep2UITests */,
			);
			name = "Strava Interview Prep2UITests";
			packageProductDependencies = (
			);
			productName = "Strava Interview Prep2UITests";
			productReference = B06868BC2DB357490064F5A1 /* Strava Interview Prep2UITests.xctest */;
			productType = "com.apple.product-type.bundle.ui-testing";
		};
/* End PBXNativeTarget section */

/* Begin PBXProject section */
		B06868942DB357460064F5A1 /* Project object */ = {
			isa = PBXProject;
			attributes = {
				BuildIndependentTargetsInParallel = 1;
				LastSwiftUpdateCheck = 1620;
				LastUpgradeCheck = 1620;
				TargetAttributes = {
					B068689B2DB357460064F5A1 = {
						CreatedOnToolsVersion = 16.2;
					};
					B06868B12DB357490064F5A1 = {
						CreatedOnToolsVersion = 16.2;
						TestTargetID = B068689B2DB357460064F5A1;
					};
					B06868BB2DB357490064F5A1 = {
						CreatedOnToolsVersion = 16.2;
						TestTargetID = B068689B2DB357460064F5A1;
					};
				};
			};
			buildConfigurationList = B06868972DB357460064F5A1 /* Build configuration list for PBXProject "Strava Interview Prep2" */;
			developmentRegion = en;
			hasScannedForEncodings = 0;
			knownRegions = (
				en,
				Base,
			);
			mainGroup = B06868932DB357460064F5A1;
			minimizedProjectReferenceProxies = 1;
			preferredProjectObjectVersion = 77;
			productRefGroup = B068689D2DB357460064F5A1 /* Products */;
			projectDirPath = "";
			projectRoot = "";
			targets = (
				B068689B2DB357460064F5A1 /* Strava Interview Prep2 */,
				B06868B12DB357490064F5A1 /* Strava Interview Prep2Tests */,
				B06868BB2DB357490064F5A1 /* Strava Interview Prep2UITests */,
			);
		};
/* End PBXProject section */

/* Begin PBXResourcesBuildPhase section */
		B068689A2DB357460064F5A1 /* Resources */ = {
			isa = PBXResourcesBuildPhase;
			buildActionMask = 2147483647;
			files = (
			);
			runOnlyForDeploymentPostprocessing = 0;
		};
		B06868B02DB357490064F5A1 /* Resources */ = {
			isa = PBXResourcesBuildPhase;
			buildActionMask = 2147483647;
			files = (
			);
			runOnlyForDeploymentPostprocessing = 0;
		};
		B06868BA2DB357490064F5A1 /* Resources */ = {
			isa = PBXResourcesBuildPhase;
			buildActionMask = 2147483647;
			files = (
			);
			runOnlyForDeploymentPostprocessing = 0;
		};
/* End PBXResourcesBuildPhase section */

/* Begin PBXSourcesBuildPhase section */
		B06868982DB357460064F5A1 /* Sources */ = {
			isa = PBXSourcesBuildPhase;
			buildActionMask = 2147483647;
			files = (
			);
			runOnlyForDeploymentPostprocessing = 0;
		};
		B06868AE2DB357490064F5A1 /* Sources */ = {
			isa = PBXSourcesBuildPhase;
			buildActionMask = 2147483647;
			files = (
			);
			runOnlyForDeploymentPostprocessing = 0;
		};
		B06868B82DB357490064F5A1 /* Sources */ = {
			isa = PBXSourcesBuildPhase;
			buildActionMask = 2147483647;
			files = (
			);
			runOnlyForDeploymentPostprocessing = 0;
		};
/* End PBXSourcesBuildPhase section */

/* Begin PBXTargetDependency section */
		B06868B42DB357490064F5A1 /* PBXTargetDependency */ = {
			isa = PBXTargetDependency;
			target = B068689B2DB357460064F5A1 /* Strava Interview Prep2 */;
			targetProxy = B06868B32DB357490064F5A1 /* PBXContainerItemProxy */;
		};
		B06868BE2DB357490064F5A1 /* PBXTargetDependency */ = {
			isa = PBXTargetDependency;
			target = B068689B2DB357460064F5A1 /* Strava Interview Prep2 */;
			targetProxy = B06868BD2DB357490064F5A1 /* PBXContainerItemProxy */;
		};
/* End PBXTargetDependency section */

/* Begin XCBuildConfiguration section */
		B06868C62DB357490064F5A1 /* Debug */ = {
			isa = XCBuildConfiguration;
			buildSettings = {
				ASSETCATALOG_COMPILER_APPICON_NAME = AppIcon;
				ASSETCATALOG_COMPILER_GLOBAL_ACCENT_COLOR_NAME = AccentColor;
				CODE_SIGN_STYLE = Automatic;
				CURRENT_PROJECT_VERSION = 1;
				GENERATE_INFOPLIST_FILE = YES;
				INFOPLIST_FILE = "Strava Interview Prep2/Info.plist";
				INFOPLIST_KEY_UIApplicationSupportsIndirectInputEvents = YES;
				INFOPLIST_KEY_UILaunchStoryboardName = LaunchScreen;
				INFOPLIST_KEY_UIMainStoryboardFile = Main;
				INFOPLIST_KEY_UISupportedInterfaceOrientations_iPad = "UIInterfaceOrientationPortrait UIInterfaceOrientationPortraitUpsideDown UIInterfaceOrientationLandscapeLeft UIInterfaceOrientationLandscapeRight";
				INFOPLIST_KEY_UISupportedInterfaceOrientations_iPhone = "UIInterfaceOrientationPortrait UIInterfaceOrientationLandscapeLeft UIInterfaceOrientationLandscapeRight";
				LD_RUNPATH_SEARCH_PATHS = (
					"$(inherited)",
					"@executable_path/Frameworks",
				);
				MARKETING_VERSION = 1.0;
				PRODUCT_BUNDLE_IDENTIFIER = "strava.Strava-Interview-Prep2";
				PRODUCT_NAME = "$(TARGET_NAME)";
				SWIFT_EMIT_LOC_STRINGS = YES;
				SWIFT_VERSION = 5.0;
				TARGETED_DEVICE_FAMILY = "1,2";
			};
			name = Debug;
		};
		B06868C72DB357490064F5A1 /* Release */ = {
			isa = XCBuildConfiguration;
			buildSettings = {
				ASSETCATALOG_COMPILER_APPICON_NAME = AppIcon;
				ASSETCATALOG_COMPILER_GLOBAL_ACCENT_COLOR_NAME = AccentColor;
				CODE_SIGN_STYLE = Automatic;
				CURRENT_PROJECT_VERSION = 1;
				GENERATE_INFOPLIST_FILE = YES;
				INFOPLIST_FILE = "Strava Interview Prep2/Info.plist";
				INFOPLIST_KEY_UIApplicationSupportsIndirectInputEvents = YES;
				INFOPLIST_KEY_UILaunchStoryboardName = LaunchScreen;
				INFOPLIST_KEY_UIMainStoryboardFile = Main;
				INFOPLIST_KEY_UISupportedInterfaceOrientations_iPad = "UIInterfaceOrientationPortrait UIInterfaceOrientationPortraitUpsideDown UIInterfaceOrientationLandscapeLeft UIInterfaceOrientationLandscapeRight";
				INFOPLIST_KEY_UISupportedInterfaceOrientations_iPhone = "UIInterfaceOrientationPortrait UIInterfaceOrientationLandscapeLeft UIInterfaceOrientationLandscapeRight";
				LD_RUNPATH_SEARCH_PATHS = (
					"$(inherited)",
					"@executable_path/Frameworks",
				);
				MARKETING_VERSION = 1.0;
				PRODUCT_BUNDLE_IDENTIFIER = "strava.Strava-Interview-Prep2";
				PRODUCT_NAME = "$(TARGET_NAME)";
				SWIFT_EMIT_LOC_STRINGS = YES;
				SWIFT_VERSION = 5.0;
				TARGETED_DEVICE_FAMILY = "1,2";
			};
			name = Release;
		};
		B06868C82DB357490064F5A1 /* Debug */ = {
			isa = XCBuildConfiguration;
			buildSettings = {
				ALWAYS_SEARCH_USER_PATHS = NO;
				ASSETCATALOG_COMPILER_GENERATE_SWIFT_ASSET_SYMBOL_EXTENSIONS = YES;
				CLANG_ANALYZER_NONNULL = YES;
				CLANG_ANALYZER_NUMBER_OBJECT_CONVERSION = YES_AGGRESSIVE;
				CLANG_CXX_LANGUAGE_STANDARD = "gnu++20";
				CLANG_ENABLE_MODULES = YES;
				CLANG_ENABLE_OBJC_ARC = YES;
				CLANG_ENABLE_OBJC_WEAK = YES;
				CLANG_WARN_BLOCK_CAPTURE_AUTORELEASING = YES;
				CLANG_WARN_BOOL_CONVERSION = YES;
				CLANG_WARN_COMMA = YES;
				CLANG_WARN_CONSTANT_CONVERSION = YES;
				CLANG_WARN_DEPRECATED_OBJC_IMPLEMENTATIONS = YES;
				CLANG_WARN_DIRECT_OBJC_ISA_USAGE = YES_ERROR;
				CLANG_WARN_DOCUMENTATION_COMMENTS = YES;
				CLANG_WARN_EMPTY_BODY = YES;
				CLANG_WARN_ENUM_CONVERSION = YES;
				CLANG_WARN_INFINITE_RECURSION = YES;
				CLANG_WARN_INT_CONVERSION = YES;
				CLANG_WARN_NON_LITERAL_NULL_CONVERSION = YES;
				CLANG_WARN_OBJC_IMPLICIT_RETAIN_SELF = YES;
				CLANG_WARN_OBJC_LITERAL_CONVERSION = YES;
				CLANG_WARN_OBJC_ROOT_CLASS = YES_ERROR;
				CLANG_WARN_QUOTED_INCLUDE_IN_FRAMEWORK_HEADER = YES;
				CLANG_WARN_RANGE_LOOP_ANALYSIS = YES;
				CLANG_WARN_STRICT_PROTOTYPES = YES;
				CLANG_WARN_SUSPICIOUS_MOVE = YES;
				CLANG_WARN_UNGUARDED_AVAILABILITY = YES_AGGRESSIVE;
				CLANG_WARN_UNREACHABLE_CODE = YES;
				CLANG_WARN__DUPLICATE_METHOD_MATCH = YES;
				COPY_PHASE_STRIP = NO;
				DEBUG_INFORMATION_FORMAT = dwarf;
				ENABLE_STRICT_OBJC_MSGSEND = YES;
				ENABLE_TESTABILITY = YES;
				ENABLE_USER_SCRIPT_SANDBOXING = YES;
				GCC_C_LANGUAGE_STANDARD = gnu17;
				GCC_DYNAMIC_NO_PIC = NO;
				GCC_NO_COMMON_BLOCKS = YES;
				GCC_OPTIMIZATION_LEVEL = 0;
				GCC_PREPROCESSOR_DEFINITIONS = (
					"DEBUG=1",
					"$(inherited)",
				);
				GCC_WARN_64_TO_32_BIT_CONVERSION = YES;
				GCC_WARN_ABOUT_RETURN_TYPE = YES_ERROR;
				GCC_WARN_UNDECLARED_SELECTOR = YES;
				GCC_WARN_UNINITIALIZED_AUTOS = YES_AGGRESSIVE;
				GCC_WARN_UNUSED_FUNCTION = YES;
				GCC_WARN_UNUSED_VARIABLE = YES;
				IPHONEOS_DEPLOYMENT_TARGET = 18.2;
				LOCALIZATION_PREFERS_STRING_CATALOGS = YES;
				MTL_ENABLE_DEBUG_INFO = INCLUDE_SOURCE;
				MTL_FAST_MATH = YES;
				ONLY_ACTIVE_ARCH = YES;
				SDKROOT = iphoneos;
				SWIFT_ACTIVE_COMPILATION_CONDITIONS = "DEBUG $(inherited)";
				SWIFT_OPTIMIZATION_LEVEL = "-Onone";
			};
			name = Debug;
		};
		B06868C92DB357490064F5A1 /* Release */ = {
			isa = XCBuildConfiguration;
			buildSettings = {
				ALWAYS_SEARCH_USER_PATHS = NO;
				ASSETCATALOG_COMPILER_GENERATE_SWIFT_ASSET_SYMBOL_EXTENSIONS = YES;
				CLANG_ANALYZER_NONNULL = YES;
				CLANG_ANALYZER_NUMBER_OBJECT_CONVERSION = YES_AGGRESSIVE;
				CLANG_CXX_LANGUAGE_STANDARD = "gnu++20";
				CLANG_ENABLE_MODULES = YES;
				CLANG_ENABLE_OBJC_ARC = YES;
				CLANG_ENABLE_OBJC_WEAK = YES;
				CLANG_WARN_BLOCK_CAPTURE_AUTORELEASING = YES;
				CLANG_WARN_BOOL_CONVERSION = YES;
				CLANG_WARN_COMMA = YES;
				CLANG_WARN_CONSTANT_CONVERSION = YES;
				CLANG_WARN_DEPRECATED_OBJC_IMPLEMENTATIONS = YES;
				CLANG_WARN_DIRECT_OBJC_ISA_USAGE = YES_ERROR;
				CLANG_WARN_DOCUMENTATION_COMMENTS = YES;
				CLANG_WARN_EMPTY_BODY = YES;
				CLANG_WARN_ENUM_CONVERSION = YES;
				CLANG_WARN_INFINITE_RECURSION = YES;
				CLANG_WARN_INT_CONVERSION = YES;
				CLANG_WARN_NON_LITERAL_NULL_CONVERSION = YES;
				CLANG_WARN_OBJC_IMPLICIT_RETAIN_SELF = YES;
				CLANG_WARN_OBJC_LITERAL_CONVERSION = YES;
				CLANG_WARN_OBJC_ROOT_CLASS = YES_ERROR;
				CLANG_WARN_QUOTED_INCLUDE_IN_FRAMEWORK_HEADER = YES;
				CLANG_WARN_RANGE_LOOP_ANALYSIS = YES;
				CLANG_WARN_STRICT_PROTOTYPES = YES;
				CLANG_WARN_SUSPICIOUS_MOVE = YES;
				CLANG_WARN_UNGUARDED_AVAILABILITY = YES_AGGRESSIVE;
				CLANG_WARN_UNREACHABLE_CODE = YES;
				CLANG_WARN__DUPLICATE_METHOD_MATCH = YES;
				COPY_PHASE_STRIP = NO;
				DEBUG_INFORMATION_FORMAT = "dwarf-with-dsym";
				ENABLE_NS_ASSERTIONS = NO;
				ENABLE_STRICT_OBJC_MSGSEND = YES;
				ENABLE_USER_SCRIPT_SANDBOXING = YES;
				GCC_C_LANGUAGE_STANDARD = gnu17;
				GCC_NO_COMMON_BLOCKS = YES;
				GCC_WARN_64_TO_32_BIT_CONVERSION = YES;
				GCC_WARN_ABOUT_RETURN_TYPE = YES_ERROR;
				GCC_WARN_UNDECLARED_SELECTOR = YES;
				GCC_WARN_UNINITIALIZED_AUTOS = YES_AGGRESSIVE;
				GCC_WARN_UNUSED_FUNCTION = YES;
				GCC_WARN_UNUSED_VARIABLE = YES;
				IPHONEOS_DEPLOYMENT_TARGET = 18.2;
				LOCALIZATION_PREFERS_STRING_CATALOGS = YES;
				MTL_ENABLE_DEBUG_INFO = NO;
				MTL_FAST_MATH = YES;
				SDKROOT = iphoneos;
				SWIFT_COMPILATION_MODE = wholemodule;
				VALIDATE_PRODUCT = YES;
			};
			name = Release;
		};
		B06868CB2DB357490064F5A1 /* Debug */ = {
			isa = XCBuildConfiguration;
			buildSettings = {
				BUNDLE_LOADER = "$(TEST_HOST)";
				CODE_SIGN_STYLE = Automatic;
				CURRENT_PROJECT_VERSION = 1;
				GENERATE_INFOPLIST_FILE = YES;
				IPHONEOS_DEPLOYMENT_TARGET = 18.2;
				MARKETING_VERSION = 1.0;
				PRODUCT_BUNDLE_IDENTIFIER = "strava.Strava-Interview-Prep2Tests";
				PRODUCT_NAME = "$(TARGET_NAME)";
				SWIFT_EMIT_LOC_STRINGS = NO;
				SWIFT_VERSION = 5.0;
				TARGETED_DEVICE_FAMILY = "1,2";
				TEST_HOST = "$(BUILT_PRODUCTS_DIR)/Strava Interview Prep2.app/$(BUNDLE_EXECUTABLE_FOLDER_PATH)/Strava Interview Prep2";
			};
			name = Debug;
		};
		B06868CC2DB357490064F5A1 /* Release */ = {
			isa = XCBuildConfiguration;
			buildSettings = {
				BUNDLE_LOADER = "$(TEST_HOST)";
				CODE_SIGN_STYLE = Automatic;
				CURRENT_PROJECT_VERSION = 1;
				GENERATE_INFOPLIST_FILE = YES;
				IPHONEOS_DEPLOYMENT_TARGET = 18.2;
				MARKETING_VERSION = 1.0;
				PRODUCT_BUNDLE_IDENTIFIER = "strava.Strava-Interview-Prep2Tests";
				PRODUCT_NAME = "$(TARGET_NAME)";
				SWIFT_EMIT_LOC_STRINGS = NO;
				SWIFT_VERSION = 5.0;
				TARGETED_DEVICE_FAMILY = "1,2";
				TEST_HOST = "$(BUILT_PRODUCTS_DIR)/Strava Interview Prep2.app/$(BUNDLE_EXECUTABLE_FOLDER_PATH)/Strava Interview Prep2";
			};
			name = Release;
		};
		B06868CE2DB357490064F5A1 /* Debug */ = {
			isa = XCBuildConfiguration;
			buildSettings = {
				CODE_SIGN_STYLE = Automatic;
				CURRENT_PROJECT_VERSION = 1;
				GENERATE_INFOPLIST_FILE = YES;
				MARKETING_VERSION = 1.0;
				PRODUCT_BUNDLE_IDENTIFIER = "strava.Strava-Interview-Prep2UITests";
				PRODUCT_NAME = "$(TARGET_NAME)";
				SWIFT_EMIT_LOC_STRINGS = NO;
				SWIFT_VERSION = 5.0;
				TARGETED_DEVICE_FAMILY = "1,2";
				TEST_TARGET_NAME = "Strava Interview Prep2";
			};
			name = Debug;
		};
		B06868CF2DB357490064F5A1 /* Release */ = {
			isa = XCBuildConfiguration;
			buildSettings = {
				CODE_SIGN_STYLE = Automatic;
				CURRENT_PROJECT_VERSION = 1;
				GENERATE_INFOPLIST_FILE = YES;
				MARKETING_VERSION = 1.0;
				PRODUCT_BUNDLE_IDENTIFIER = "strava.Strava-Interview-Prep2UITests";
				PRODUCT_NAME = "$(TARGET_NAME)";
				SWIFT_EMIT_LOC_STRINGS = NO;
				SWIFT_VERSION = 5.0;
				TARGETED_DEVICE_FAMILY = "1,2";
				TEST_TARGET_NAME = "Strava Interview Prep2";
			};
			name = Release;
		};
/* End XCBuildConfiguration section */

/* Begin XCConfigurationList section */
		B06868972DB357460064F5A1 /* Build configuration list for PBXProject "Strava Interview Prep2" */ = {
			isa = XCConfigurationList;
			buildConfigurations = (
				B06868C82DB357490064F5A1 /* Debug */,
				B06868C92DB357490064F5A1 /* Release */,
			);
			defaultConfigurationIsVisible = 0;
			defaultConfigurationName = Release;
		};
		B06868C52DB357490064F5A1 /* Build configuration list for PBXNativeTarget "Strava Interview Prep2" */ = {
			isa = XCConfigurationList;
			buildConfigurations = (
				B06868C62DB357490064F5A1 /* Debug */,
				B06868C72DB357490064F5A1 /* Release */,
			);
			defaultConfigurationIsVisible = 0;
			defaultConfigurationName = Release;
		};
		B06868CA2DB357490064F5A1 /* Build configuration list for PBXNativeTarget "Strava Interview Prep2Tests" */ = {
			isa = XCConfigurationList;
			buildConfigurations = (
				B06868CB2DB357490064F5A1 /* Debug */,
				B06868CC2DB357490064F5A1 /* Release */,
			);
			defaultConfigurationIsVisible = 0;
			defaultConfigurationName = Release;
		};
		B06868CD2DB357490064F5A1 /* Build configuration list for PBXNativeTarget "Strava Interview Prep2UITests" */ = {
			isa = XCConfigurationList;
			buildConfigurations = (
				B06868CE2DB357490064F5A1 /* Debug */,
				B06868CF2DB357490064F5A1 /* Release */,
			);
			defaultConfigurationIsVisible = 0;
			defaultConfigurationName = Release;
		};
/* End XCConfigurationList section */
	};
	rootObject = B06868942DB357460064F5A1 /* Project object */;
}
